
Microsoft Visual Studio Solution File, Format Version 12.00
# Visual Studio 15
VisualStudioVersion = 15.0.27004.2005
MinimumVisualStudioVersion = 10.0.40219.1
Project("{8BC9CEB8-8B4A-11D0-8D11-00A0C91BC942}") = "L01.G02.Basic.Program", "L01.G02.Basic.Program\L01.G02.Basic.Program.vcxproj", "{807A6EE6-3ECF-40F8-BD8F-B85995B68FCD}"
EndProject
Project("{8BC9CEB8-8B4A-11D0-8D11-00A0C91BC942}") = "L02.G03.variables.cin", "L02.G03.variables.cin\L02.G03.variables.cin.vcxproj", "{6978DD14-78B1-46E4-8063-DC3BC1661416}"
EndProject
Project("{8BC9CEB8-8B4A-11D0-8D11-00A0C91BC942}") = "L02.G04.const.auto", "L02.G04.const.auto\L02.G04.const.auto.vcxproj", "{6C827595-46B8-4B0C-BC41-FC2E910D636E}"
EndProject
Project("{8BC9CEB8-8B4A-11D0-8D11-00A0C91BC942}") = "L02.G05.1.Enumerated.Types", "L02.G05.1.Enumerated.Types\L02.G05.1.Enumerated.Types.vcxproj", "{CFAB270D-E3E2-41B2-8BFE-B2EECEE72C35}"
EndProject
Project("{8BC9CEB8-8B4A-11D0-8D11-00A0C91BC942}") = "L02.G05.2.G06.Struct.Array.Vector", "L02.G05.2.Class.Struct\L02.G05.2.Class.Struct.vcxproj", "{7CBDDCE2-A301-4094-97A4-34635E4AD863}"
EndProject
Project("{8BC9CEB8-8B4A-11D0-8D11-00A0C91BC942}") = "L02.G06.2.Stack", "L02.G06.2.Stack\L02.G06.2.Stack.vcxproj", "{4DBA3D4A-006F-40D1-A862-79FF93503BC3}"
EndProject
Project("{8BC9CEB8-8B4A-11D0-8D11-00A0C91BC942}") = "L02.G06.3.Queue", "L02.G06.3.Queue\L02.G06.3.Queue.vcxproj", "{2FDED103-B967-4CCA-81EE-C40F54C9986E}"
EndProject
Project("{8BC9CEB8-8B4A-11D0-8D11-00A0C91BC942}") = "L03.G07.1.Selection.Constructs", "L03.G07.1.Selection.Constructs\L03.G07.1.Selection.Constructs.vcxproj", "{50E52138-E511-4D8A-846C-B8C936784844}"
EndProject
Project("{8BC9CEB8-8B4A-11D0-8D11-00A0C91BC942}") = "L03.G07.2.For.Loop", "L03.G07.2.For.Loop\L03.G07.2.For.Loop.vcxproj", "{A322ED49-442D-449C-BA9B-33ECDADBDD36}"
EndProject
Project("{8BC9CEB8-8B4A-11D0-8D11-00A0C91BC942}") = "L03.G07.3.While.Loop", "L03.G07.3.While.Loop\L03.G07.3.While.Loop.vcxproj", "{450E1532-24BF-4C21-95CA-C3EDA4737C12}"
EndProject
Project("{8BC9CEB8-8B4A-11D0-8D11-00A0C91BC942}") = "L03.G08.1.Function.Basics", "L03.G08.1.Function.Basics\L03.G08.1.Function.Basics.vcxproj", "{477FC7D3-23DC-49C3-A72C-CFFE4D0142BD}"
EndProject
Project("{8BC9CEB8-8B4A-11D0-8D11-00A0C91BC942}") = "L03.G08.2.Pass-by-Value", "L03.G08.2.Pass-by-Value\L03.G08.2.Pass-by-Value.vcxproj", "{C392D826-7F90-48D7-895B-DE83A686C093}"
EndProject
Project("{8BC9CEB8-8B4A-11D0-8D11-00A0C91BC942}") = "L03.G08.3.Pass-by-Reference", "L03.G08.3.Pass-by-Reference\L03.G08.3.Pass-by-Reference.vcxproj", "{1B77DCF7-93BF-4FBE-8290-C38BA390771B}"
EndProject
Project("{8BC9CEB8-8B4A-11D0-8D11-00A0C91BC942}") = "L04.G11.Class.Methods", "L03.G09.Class.Methods\L03.G09.Class.Methods.vcxproj", "{8DF0AF5F-A4DB-4C23-9FDA-FDE00DA9D430}"
EndProject
Project("{8BC9CEB8-8B4A-11D0-8D11-00A0C91BC942}") = "L05.2.Random", "L04.2.Random\L04.2.Random.vcxproj", "{BC5B6C48-2C37-4362-97C0-23EA221540F9}"
EndProject
Project("{8BC9CEB8-8B4A-11D0-8D11-00A0C91BC942}") = "L05.1.File.IO", "L04.1.File.IO\L04.1.File.IO.vcxproj", "{B9619BCB-48BB-44B8-AE91-20FD5B3ED4B1}"
EndProject
Project("{8BC9CEB8-8B4A-11D0-8D11-00A0C91BC942}") = "L05.1.1.Pointers.Introduction", "L05.1.1.Pointers.Introduction\L05.1.1.Pointers.Introduction.vcxproj", "{7180F38B-8AFC-4F27-BF35-BD07A77D564F}"
EndProject
Project("{8BC9CEB8-8B4A-11D0-8D11-00A0C91BC942}") = "L05.1.2.Point-to-Pointer", "L05.1.2.Point-to-Pointer\L05.1.2.Point-to-Pointer.vcxproj", "{CF9BF749-8609-45EE-8D42-4DDB5323A149}"
EndProject
Project("{8BC9CEB8-8B4A-11D0-8D11-00A0C91BC942}") = "L05.1.3.Pointer-as-Parameters", "L05.1.3.Pointer-as-Parameters\L05.1.3.Pointer-as-Parameters.vcxproj", "{7661F06D-09C3-439A-A3D1-A63B0C4C6F08}"
EndProject
Project("{8BC9CEB8-8B4A-11D0-8D11-00A0C91BC942}") = "L05.1.4.Dynamic.Memory", "L05.1.4.Dynamic.Memory\L05.1.4.Dynamic.Memory.vcxproj", "{FA1823D0-A23C-49CB-9E4E-967CA720ECE1}"
EndProject
Project("{8BC9CEB8-8B4A-11D0-8D11-00A0C91BC942}") = "L05.1.5.Memory.Leaks", "L05.1.5.Memory.Leaks\L05.1.5.Memory.Leaks.vcxproj", "{52CD6AD1-5D58-4FA8-A633-C90A2C11C3DE}"
EndProject
Project("{8BC9CEB8-8B4A-11D0-8D11-00A0C91BC942}") = "L06.1.Linked.Lists", "L06.1.Linked.Lists\L06.1.Linked.Lists.vcxproj", "{064E3DC7-7E8A-4235-94DC-99DBBDF25671}"
EndProject
Project("{8BC9CEB8-8B4A-11D0-8D11-00A0C91BC942}") = "L03.G07.4.Linear.Search", "L03.G07.3.Linear.Search\L03.G07.3.Linear.Search.vcxproj", "{A9F8A4EA-0476-4898-8703-0B6D95DAFC8D}"
EndProject
Project("{8BC9CEB8-8B4A-11D0-8D11-00A0C91BC942}") = "L03.G07.5.Binary.Search", "L03.G07.4.Binary.Search\L03.G07.4.Binary.Search.vcxproj", "{170CFD66-D9D7-4708-8859-2A3A181CC9FA}"
EndProject
Project("{8BC9CEB8-8B4A-11D0-8D11-00A0C91BC942}") = "L04.G10.Classes.Introduction", "L04.G10.Classes.Introduction\L04.G10.Classes.Introduction.vcxproj", "{89FDBCB5-7356-4995-940D-DFE0D7270189}"
EndProject
Global
	GlobalSection(SolutionConfigurationPlatforms) = preSolution
		Debug|x64 = Debug|x64
		Debug|x86 = Debug|x86
		Release|x64 = Release|x64
		Release|x86 = Release|x86
	EndGlobalSection
	GlobalSection(ProjectConfigurationPlatforms) = postSolution
		{807A6EE6-3ECF-40F8-BD8F-B85995B68FCD}.Debug|x64.ActiveCfg = Debug|x64
		{807A6EE6-3ECF-40F8-BD8F-B85995B68FCD}.Debug|x64.Build.0 = Debug|x64
		{807A6EE6-3ECF-40F8-BD8F-B85995B68FCD}.Debug|x86.ActiveCfg = Debug|Win32
		{807A6EE6-3ECF-40F8-BD8F-B85995B68FCD}.Debug|x86.Build.0 = Debug|Win32
		{807A6EE6-3ECF-40F8-BD8F-B85995B68FCD}.Release|x64.ActiveCfg = Release|x64
		{807A6EE6-3ECF-40F8-BD8F-B85995B68FCD}.Release|x64.Build.0 = Release|x64
		{807A6EE6-3ECF-40F8-BD8F-B85995B68FCD}.Release|x86.ActiveCfg = Release|Win32
		{807A6EE6-3ECF-40F8-BD8F-B85995B68FCD}.Release|x86.Build.0 = Release|Win32
		{6978DD14-78B1-46E4-8063-DC3BC1661416}.Debug|x64.ActiveCfg = Debug|x64
		{6978DD14-78B1-46E4-8063-DC3BC1661416}.Debug|x64.Build.0 = Debug|x64
		{6978DD14-78B1-46E4-8063-DC3BC1661416}.Debug|x86.ActiveCfg = Debug|Win32
		{6978DD14-78B1-46E4-8063-DC3BC1661416}.Debug|x86.Build.0 = Debug|Win32
		{6978DD14-78B1-46E4-8063-DC3BC1661416}.Release|x64.ActiveCfg = Release|x64
		{6978DD14-78B1-46E4-8063-DC3BC1661416}.Release|x64.Build.0 = Release|x64
		{6978DD14-78B1-46E4-8063-DC3BC1661416}.Release|x86.ActiveCfg = Release|Win32
		{6978DD14-78B1-46E4-8063-DC3BC1661416}.Release|x86.Build.0 = Release|Win32
		{6C827595-46B8-4B0C-BC41-FC2E910D636E}.Debug|x64.ActiveCfg = Debug|x64
		{6C827595-46B8-4B0C-BC41-FC2E910D636E}.Debug|x64.Build.0 = Debug|x64
		{6C827595-46B8-4B0C-BC41-FC2E910D636E}.Debug|x86.ActiveCfg = Debug|Win32
		{6C827595-46B8-4B0C-BC41-FC2E910D636E}.Debug|x86.Build.0 = Debug|Win32
		{6C827595-46B8-4B0C-BC41-FC2E910D636E}.Release|x64.ActiveCfg = Release|x64
		{6C827595-46B8-4B0C-BC41-FC2E910D636E}.Release|x64.Build.0 = Release|x64
		{6C827595-46B8-4B0C-BC41-FC2E910D636E}.Release|x86.ActiveCfg = Release|Win32
		{6C827595-46B8-4B0C-BC41-FC2E910D636E}.Release|x86.Build.0 = Release|Win32
		{CFAB270D-E3E2-41B2-8BFE-B2EECEE72C35}.Debug|x64.ActiveCfg = Debug|x64
		{CFAB270D-E3E2-41B2-8BFE-B2EECEE72C35}.Debug|x64.Build.0 = Debug|x64
		{CFAB270D-E3E2-41B2-8BFE-B2EECEE72C35}.Debug|x86.ActiveCfg = Debug|Win32
		{CFAB270D-E3E2-41B2-8BFE-B2EECEE72C35}.Debug|x86.Build.0 = Debug|Win32
		{CFAB270D-E3E2-41B2-8BFE-B2EECEE72C35}.Release|x64.ActiveCfg = Release|x64
		{CFAB270D-E3E2-41B2-8BFE-B2EECEE72C35}.Release|x64.Build.0 = Release|x64
		{CFAB270D-E3E2-41B2-8BFE-B2EECEE72C35}.Release|x86.ActiveCfg = Release|Win32
		{CFAB270D-E3E2-41B2-8BFE-B2EECEE72C35}.Release|x86.Build.0 = Release|Win32
		{7CBDDCE2-A301-4094-97A4-34635E4AD863}.Debug|x64.ActiveCfg = Debug|x64
		{7CBDDCE2-A301-4094-97A4-34635E4AD863}.Debug|x64.Build.0 = Debug|x64
		{7CBDDCE2-A301-4094-97A4-34635E4AD863}.Debug|x86.ActiveCfg = Debug|Win32
		{7CBDDCE2-A301-4094-97A4-34635E4AD863}.Debug|x86.Build.0 = Debug|Win32
		{7CBDDCE2-A301-4094-97A4-34635E4AD863}.Release|x64.ActiveCfg = Release|x64
		{7CBDDCE2-A301-4094-97A4-34635E4AD863}.Release|x64.Build.0 = Release|x64
		{7CBDDCE2-A301-4094-97A4-34635E4AD863}.Release|x86.ActiveCfg = Release|Win32
		{7CBDDCE2-A301-4094-97A4-34635E4AD863}.Release|x86.Build.0 = Release|Win32
		{4DBA3D4A-006F-40D1-A862-79FF93503BC3}.Debug|x64.ActiveCfg = Debug|x64
		{4DBA3D4A-006F-40D1-A862-79FF93503BC3}.Debug|x64.Build.0 = Debug|x64
		{4DBA3D4A-006F-40D1-A862-79FF93503BC3}.Debug|x86.ActiveCfg = Debug|Win32
		{4DBA3D4A-006F-40D1-A862-79FF93503BC3}.Debug|x86.Build.0 = Debug|Win32
		{4DBA3D4A-006F-40D1-A862-79FF93503BC3}.Release|x64.ActiveCfg = Release|x64
		{4DBA3D4A-006F-40D1-A862-79FF93503BC3}.Release|x64.Build.0 = Release|x64
		{4DBA3D4A-006F-40D1-A862-79FF93503BC3}.Release|x86.ActiveCfg = Release|Win32
		{4DBA3D4A-006F-40D1-A862-79FF93503BC3}.Release|x86.Build.0 = Release|Win32
		{2FDED103-B967-4CCA-81EE-C40F54C9986E}.Debug|x64.ActiveCfg = Debug|x64
		{2FDED103-B967-4CCA-81EE-C40F54C9986E}.Debug|x64.Build.0 = Debug|x64
		{2FDED103-B967-4CCA-81EE-C40F54C9986E}.Debug|x86.ActiveCfg = Debug|Win32
		{2FDED103-B967-4CCA-81EE-C40F54C9986E}.Debug|x86.Build.0 = Debug|Win32
		{2FDED103-B967-4CCA-81EE-C40F54C9986E}.Release|x64.ActiveCfg = Release|x64
		{2FDED103-B967-4CCA-81EE-C40F54C9986E}.Release|x64.Build.0 = Release|x64
		{2FDED103-B967-4CCA-81EE-C40F54C9986E}.Release|x86.ActiveCfg = Release|Win32
		{2FDED103-B967-4CCA-81EE-C40F54C9986E}.Release|x86.Build.0 = Release|Win32
		{50E52138-E511-4D8A-846C-B8C936784844}.Debug|x64.ActiveCfg = Debug|x64
		{50E52138-E511-4D8A-846C-B8C936784844}.Debug|x64.Build.0 = Debug|x64
		{50E52138-E511-4D8A-846C-B8C936784844}.Debug|x86.ActiveCfg = Debug|Win32
		{50E52138-E511-4D8A-846C-B8C936784844}.Debug|x86.Build.0 = Debug|Win32
		{50E52138-E511-4D8A-846C-B8C936784844}.Release|x64.ActiveCfg = Release|x64
		{50E52138-E511-4D8A-846C-B8C936784844}.Release|x64.Build.0 = Release|x64
		{50E52138-E511-4D8A-846C-B8C936784844}.Release|x86.ActiveCfg = Release|Win32
		{50E52138-E511-4D8A-846C-B8C936784844}.Release|x86.Build.0 = Release|Win32
		{A322ED49-442D-449C-BA9B-33ECDADBDD36}.Debug|x64.ActiveCfg = Debug|x64
		{A322ED49-442D-449C-BA9B-33ECDADBDD36}.Debug|x64.Build.0 = Debug|x64
		{A322ED49-442D-449C-BA9B-33ECDADBDD36}.Debug|x86.ActiveCfg = Debug|Win32
		{A322ED49-442D-449C-BA9B-33ECDADBDD36}.Debug|x86.Build.0 = Debug|Win32
		{A322ED49-442D-449C-BA9B-33ECDADBDD36}.Release|x64.ActiveCfg = Release|x64
		{A322ED49-442D-449C-BA9B-33ECDADBDD36}.Release|x64.Build.0 = Release|x64
		{A322ED49-442D-449C-BA9B-33ECDADBDD36}.Release|x86.ActiveCfg = Release|Win32
		{A322ED49-442D-449C-BA9B-33ECDADBDD36}.Release|x86.Build.0 = Release|Win32
		{450E1532-24BF-4C21-95CA-C3EDA4737C12}.Debug|x64.ActiveCfg = Debug|x64
		{450E1532-24BF-4C21-95CA-C3EDA4737C12}.Debug|x64.Build.0 = Debug|x64
		{450E1532-24BF-4C21-95CA-C3EDA4737C12}.Debug|x86.ActiveCfg = Debug|Win32
		{450E1532-24BF-4C21-95CA-C3EDA4737C12}.Debug|x86.Build.0 = Debug|Win32
		{450E1532-24BF-4C21-95CA-C3EDA4737C12}.Release|x64.ActiveCfg = Release|x64
		{450E1532-24BF-4C21-95CA-C3EDA4737C12}.Release|x64.Build.0 = Release|x64
		{450E1532-24BF-4C21-95CA-C3EDA4737C12}.Release|x86.ActiveCfg = Release|Win32
		{450E1532-24BF-4C21-95CA-C3EDA4737C12}.Release|x86.Build.0 = Release|Win32
		{477FC7D3-23DC-49C3-A72C-CFFE4D0142BD}.Debug|x64.ActiveCfg = Debug|x64
		{477FC7D3-23DC-49C3-A72C-CFFE4D0142BD}.Debug|x64.Build.0 = Debug|x64
		{477FC7D3-23DC-49C3-A72C-CFFE4D0142BD}.Debug|x86.ActiveCfg = Debug|Win32
		{477FC7D3-23DC-49C3-A72C-CFFE4D0142BD}.Debug|x86.Build.0 = Debug|Win32
		{477FC7D3-23DC-49C3-A72C-CFFE4D0142BD}.Release|x64.ActiveCfg = Release|x64
		{477FC7D3-23DC-49C3-A72C-CFFE4D0142BD}.Release|x64.Build.0 = Release|x64
		{477FC7D3-23DC-49C3-A72C-CFFE4D0142BD}.Release|x86.ActiveCfg = Release|Win32
		{477FC7D3-23DC-49C3-A72C-CFFE4D0142BD}.Release|x86.Build.0 = Release|Win32
		{C392D826-7F90-48D7-895B-DE83A686C093}.Debug|x64.ActiveCfg = Debug|x64
		{C392D826-7F90-48D7-895B-DE83A686C093}.Debug|x64.Build.0 = Debug|x64
		{C392D826-7F90-48D7-895B-DE83A686C093}.Debug|x86.ActiveCfg = Debug|Win32
		{C392D826-7F90-48D7-895B-DE83A686C093}.Debug|x86.Build.0 = Debug|Win32
		{C392D826-7F90-48D7-895B-DE83A686C093}.Release|x64.ActiveCfg = Release|x64
		{C392D826-7F90-48D7-895B-DE83A686C093}.Release|x64.Build.0 = Release|x64
		{C392D826-7F90-48D7-895B-DE83A686C093}.Release|x86.ActiveCfg = Release|Win32
		{C392D826-7F90-48D7-895B-DE83A686C093}.Release|x86.Build.0 = Release|Win32
		{1B77DCF7-93BF-4FBE-8290-C38BA390771B}.Debug|x64.ActiveCfg = Debug|x64
		{1B77DCF7-93BF-4FBE-8290-C38BA390771B}.Debug|x64.Build.0 = Debug|x64
		{1B77DCF7-93BF-4FBE-8290-C38BA390771B}.Debug|x86.ActiveCfg = Debug|Win32
		{1B77DCF7-93BF-4FBE-8290-C38BA390771B}.Debug|x86.Build.0 = Debug|Win32
		{1B77DCF7-93BF-4FBE-8290-C38BA390771B}.Release|x64.ActiveCfg = Release|x64
		{1B77DCF7-93BF-4FBE-8290-C38BA390771B}.Release|x64.Build.0 = Release|x64
		{1B77DCF7-93BF-4FBE-8290-C38BA390771B}.Release|x86.ActiveCfg = Release|Win32
		{1B77DCF7-93BF-4FBE-8290-C38BA390771B}.Release|x86.Build.0 = Release|Win32
		{8DF0AF5F-A4DB-4C23-9FDA-FDE00DA9D430}.Debug|x64.ActiveCfg = Debug|x64
		{8DF0AF5F-A4DB-4C23-9FDA-FDE00DA9D430}.Debug|x64.Build.0 = Debug|x64
		{8DF0AF5F-A4DB-4C23-9FDA-FDE00DA9D430}.Debug|x86.ActiveCfg = Debug|Win32
		{8DF0AF5F-A4DB-4C23-9FDA-FDE00DA9D430}.Debug|x86.Build.0 = Debug|Win32
		{8DF0AF5F-A4DB-4C23-9FDA-FDE00DA9D430}.Release|x64.ActiveCfg = Release|x64
		{8DF0AF5F-A4DB-4C23-9FDA-FDE00DA9D430}.Release|x64.Build.0 = Release|x64
		{8DF0AF5F-A4DB-4C23-9FDA-FDE00DA9D430}.Release|x86.ActiveCfg = Release|Win32
		{8DF0AF5F-A4DB-4C23-9FDA-FDE00DA9D430}.Release|x86.Build.0 = Release|Win32
		{BC5B6C48-2C37-4362-97C0-23EA221540F9}.Debug|x64.ActiveCfg = Debug|x64
		{BC5B6C48-2C37-4362-97C0-23EA221540F9}.Debug|x64.Build.0 = Debug|x64
		{BC5B6C48-2C37-4362-97C0-23EA221540F9}.Debug|x86.ActiveCfg = Debug|Win32
		{BC5B6C48-2C37-4362-97C0-23EA221540F9}.Debug|x86.Build.0 = Debug|Win32
		{BC5B6C48-2C37-4362-97C0-23EA221540F9}.Release|x64.ActiveCfg = Release|x64
		{BC5B6C48-2C37-4362-97C0-23EA221540F9}.Release|x64.Build.0 = Release|x64
		{BC5B6C48-2C37-4362-97C0-23EA221540F9}.Release|x86.ActiveCfg = Release|Win32
		{BC5B6C48-2C37-4362-97C0-23EA221540F9}.Release|x86.Build.0 = Release|Win32
		{B9619BCB-48BB-44B8-AE91-20FD5B3ED4B1}.Debug|x64.ActiveCfg = Debug|x64
		{B9619BCB-48BB-44B8-AE91-20FD5B3ED4B1}.Debug|x64.Build.0 = Debug|x64
		{B9619BCB-48BB-44B8-AE91-20FD5B3ED4B1}.Debug|x86.ActiveCfg = Debug|Win32
		{B9619BCB-48BB-44B8-AE91-20FD5B3ED4B1}.Debug|x86.Build.0 = Debug|Win32
		{B9619BCB-48BB-44B8-AE91-20FD5B3ED4B1}.Release|x64.ActiveCfg = Release|x64
		{B9619BCB-48BB-44B8-AE91-20FD5B3ED4B1}.Release|x64.Build.0 = Release|x64
		{B9619BCB-48BB-44B8-AE91-20FD5B3ED4B1}.Release|x86.ActiveCfg = Release|Win32
		{B9619BCB-48BB-44B8-AE91-20FD5B3ED4B1}.Release|x86.Build.0 = Release|Win32
		{7180F38B-8AFC-4F27-BF35-BD07A77D564F}.Debug|x64.ActiveCfg = Debug|x64
		{7180F38B-8AFC-4F27-BF35-BD07A77D564F}.Debug|x64.Build.0 = Debug|x64
		{7180F38B-8AFC-4F27-BF35-BD07A77D564F}.Debug|x86.ActiveCfg = Debug|Win32
		{7180F38B-8AFC-4F27-BF35-BD07A77D564F}.Debug|x86.Build.0 = Debug|Win32
		{7180F38B-8AFC-4F27-BF35-BD07A77D564F}.Release|x64.ActiveCfg = Release|x64
		{7180F38B-8AFC-4F27-BF35-BD07A77D564F}.Release|x64.Build.0 = Release|x64
		{7180F38B-8AFC-4F27-BF35-BD07A77D564F}.Release|x86.ActiveCfg = Release|Win32
		{7180F38B-8AFC-4F27-BF35-BD07A77D564F}.Release|x86.Build.0 = Release|Win32
		{CF9BF749-8609-45EE-8D42-4DDB5323A149}.Debug|x64.ActiveCfg = Debug|x64
		{CF9BF749-8609-45EE-8D42-4DDB5323A149}.Debug|x64.Build.0 = Debug|x64
		{CF9BF749-8609-45EE-8D42-4DDB5323A149}.Debug|x86.ActiveCfg = Debug|Win32
		{CF9BF749-8609-45EE-8D42-4DDB5323A149}.Debug|x86.Build.0 = Debug|Win32
		{CF9BF749-8609-45EE-8D42-4DDB5323A149}.Release|x64.ActiveCfg = Release|x64
		{CF9BF749-8609-45EE-8D42-4DDB5323A149}.Release|x64.Build.0 = Release|x64
		{CF9BF749-8609-45EE-8D42-4DDB5323A149}.Release|x86.ActiveCfg = Release|Win32
		{CF9BF749-8609-45EE-8D42-4DDB5323A149}.Release|x86.Build.0 = Release|Win32
		{7661F06D-09C3-439A-A3D1-A63B0C4C6F08}.Debug|x64.ActiveCfg = Debug|x64
		{7661F06D-09C3-439A-A3D1-A63B0C4C6F08}.Debug|x64.Build.0 = Debug|x64
		{7661F06D-09C3-439A-A3D1-A63B0C4C6F08}.Debug|x86.ActiveCfg = Debug|Win32
		{7661F06D-09C3-439A-A3D1-A63B0C4C6F08}.Debug|x86.Build.0 = Debug|Win32
		{7661F06D-09C3-439A-A3D1-A63B0C4C6F08}.Release|x64.ActiveCfg = Release|x64
		{7661F06D-09C3-439A-A3D1-A63B0C4C6F08}.Release|x64.Build.0 = Release|x64
		{7661F06D-09C3-439A-A3D1-A63B0C4C6F08}.Release|x86.ActiveCfg = Release|Win32
		{7661F06D-09C3-439A-A3D1-A63B0C4C6F08}.Release|x86.Build.0 = Release|Win32
		{FA1823D0-A23C-49CB-9E4E-967CA720ECE1}.Debug|x64.ActiveCfg = Debug|x64
		{FA1823D0-A23C-49CB-9E4E-967CA720ECE1}.Debug|x64.Build.0 = Debug|x64
		{FA1823D0-A23C-49CB-9E4E-967CA720ECE1}.Debug|x86.ActiveCfg = Debug|Win32
		{FA1823D0-A23C-49CB-9E4E-967CA720ECE1}.Debug|x86.Build.0 = Debug|Win32
		{FA1823D0-A23C-49CB-9E4E-967CA720ECE1}.Release|x64.ActiveCfg = Release|x64
		{FA1823D0-A23C-49CB-9E4E-967CA720ECE1}.Release|x64.Build.0 = Release|x64
		{FA1823D0-A23C-49CB-9E4E-967CA720ECE1}.Release|x86.ActiveCfg = Release|Win32
		{FA1823D0-A23C-49CB-9E4E-967CA720ECE1}.Release|x86.Build.0 = Release|Win32
		{52CD6AD1-5D58-4FA8-A633-C90A2C11C3DE}.Debug|x64.ActiveCfg = Debug|x64
		{52CD6AD1-5D58-4FA8-A633-C90A2C11C3DE}.Debug|x64.Build.0 = Debug|x64
		{52CD6AD1-5D58-4FA8-A633-C90A2C11C3DE}.Debug|x86.ActiveCfg = Debug|Win32
		{52CD6AD1-5D58-4FA8-A633-C90A2C11C3DE}.Debug|x86.Build.0 = Debug|Win32
		{52CD6AD1-5D58-4FA8-A633-C90A2C11C3DE}.Release|x64.ActiveCfg = Release|x64
		{52CD6AD1-5D58-4FA8-A633-C90A2C11C3DE}.Release|x64.Build.0 = Release|x64
		{52CD6AD1-5D58-4FA8-A633-C90A2C11C3DE}.Release|x86.ActiveCfg = Release|Win32
		{52CD6AD1-5D58-4FA8-A633-C90A2C11C3DE}.Release|x86.Build.0 = Release|Win32
		{064E3DC7-7E8A-4235-94DC-99DBBDF25671}.Debug|x64.ActiveCfg = Debug|x64
		{064E3DC7-7E8A-4235-94DC-99DBBDF25671}.Debug|x64.Build.0 = Debug|x64
		{064E3DC7-7E8A-4235-94DC-99DBBDF25671}.Debug|x86.ActiveCfg = Debug|Win32
		{064E3DC7-7E8A-4235-94DC-99DBBDF25671}.Debug|x86.Build.0 = Debug|Win32
		{064E3DC7-7E8A-4235-94DC-99DBBDF25671}.Release|x64.ActiveCfg = Release|x64
		{064E3DC7-7E8A-4235-94DC-99DBBDF25671}.Release|x64.Build.0 = Release|x64
		{064E3DC7-7E8A-4235-94DC-99DBBDF25671}.Release|x86.ActiveCfg = Release|Win32
		{064E3DC7-7E8A-4235-94DC-99DBBDF25671}.Release|x86.Build.0 = Release|Win32
		{A9F8A4EA-0476-4898-8703-0B6D95DAFC8D}.Debug|x64.ActiveCfg = Debug|x64
		{A9F8A4EA-0476-4898-8703-0B6D95DAFC8D}.Debug|x64.Build.0 = Debug|x64
		{A9F8A4EA-0476-4898-8703-0B6D95DAFC8D}.Debug|x86.ActiveCfg = Debug|Win32
		{A9F8A4EA-0476-4898-8703-0B6D95DAFC8D}.Debug|x86.Build.0 = Debug|Win32
		{A9F8A4EA-0476-4898-8703-0B6D95DAFC8D}.Release|x64.ActiveCfg = Release|x64
		{A9F8A4EA-0476-4898-8703-0B6D95DAFC8D}.Release|x64.Build.0 = Release|x64
		{A9F8A4EA-0476-4898-8703-0B6D95DAFC8D}.Release|x86.ActiveCfg = Release|Win32
		{A9F8A4EA-0476-4898-8703-0B6D95DAFC8D}.Release|x86.Build.0 = Release|Win32
		{170CFD66-D9D7-4708-8859-2A3A181CC9FA}.Debug|x64.ActiveCfg = Debug|x64
		{170CFD66-D9D7-4708-8859-2A3A181CC9FA}.Debug|x64.Build.0 = Debug|x64
		{170CFD66-D9D7-4708-8859-2A3A181CC9FA}.Debug|x86.ActiveCfg = Debug|Win32
		{170CFD66-D9D7-4708-8859-2A3A181CC9FA}.Debug|x86.Build.0 = Debug|Win32
		{170CFD66-D9D7-4708-8859-2A3A181CC9FA}.Release|x64.ActiveCfg = Release|x64
		{170CFD66-D9D7-4708-8859-2A3A181CC9FA}.Release|x64.Build.0 = Release|x64
		{170CFD66-D9D7-4708-8859-2A3A181CC9FA}.Release|x86.ActiveCfg = Release|Win32
		{170CFD66-D9D7-4708-8859-2A3A181CC9FA}.Release|x86.Build.0 = Release|Win32
		{89FDBCB5-7356-4995-940D-DFE0D7270189}.Debug|x64.ActiveCfg = Debug|x64
		{89FDBCB5-7356-4995-940D-DFE0D7270189}.Debug|x64.Build.0 = Debug|x64
		{89FDBCB5-7356-4995-940D-DFE0D7270189}.Debug|x86.ActiveCfg = Debug|Win32
		{89FDBCB5-7356-4995-940D-DFE0D7270189}.Debug|x86.Build.0 = Debug|Win32
		{89FDBCB5-7356-4995-940D-DFE0D7270189}.Release|x64.ActiveCfg = Release|x64
		{89FDBCB5-7356-4995-940D-DFE0D7270189}.Release|x64.Build.0 = Release|x64
		{89FDBCB5-7356-4995-940D-DFE0D7270189}.Release|x86.ActiveCfg = Release|Win32
		{89FDBCB5-7356-4995-940D-DFE0D7270189}.Release|x86.Build.0 = Release|Win32
	EndGlobalSection
	GlobalSection(SolutionProperties) = preSolution
		HideSolutionNode = FALSE
	EndGlobalSection
	GlobalSection(ExtensibilityGlobals) = postSolution
		SolutionGuid = {A19446C9-B3EC-4615-8CB3-734C164B457B}
	EndGlobalSection
EndGlobal
